<?xml version="1.0" encoding="utf-8"?>
<Project ToolsVersion="4.0" xmlns="http://schemas.microsoft.com/developer/msbuild/2003">
  <ItemGroup>
    <Filter Include="Engine">
      <UniqueIdentifier>{7722a23e-ef8d-454f-a025-2d057af6b123}</UniqueIdentifier>
    </Filter>
    <Filter Include="Engine\Object">
      <UniqueIdentifier>{53b2411d-ea09-49bf-9b30-198b636f6d46}</UniqueIdentifier>
    </Filter>
    <Filter Include="Engine\Texture">
      <UniqueIdentifier>{a886a251-8d13-447f-ac3f-496ab988fb64}</UniqueIdentifier>
    </Filter>
    <Filter Include="Engine\Utilities">
      <UniqueIdentifier>{676e5a9c-d5d4-4aaf-8913-972a5652e247}</UniqueIdentifier>
    </Filter>
    <Filter Include="Engine\Pooling">
      <UniqueIdentifier>{4defee06-e85b-476c-88a5-7b1d51b19222}</UniqueIdentifier>
    </Filter>
    <Filter Include="Engine\Pooling\Threading">
      <UniqueIdentifier>{1755ba02-6c17-4ada-91f8-edc58a85a0db}</UniqueIdentifier>
    </Filter>
    <Filter Include="InteractiveLoadingScreen">
      <UniqueIdentifier>{9a908e3d-d6a1-4a8d-a225-c8db7879b2ff}</UniqueIdentifier>
    </Filter>
    <Filter Include="InteractiveLoadingScreen\IsometricMap">
      <UniqueIdentifier>{39853c08-1d3b-422f-bb94-9d5f1e21b3d0}</UniqueIdentifier>
    </Filter>
    <Filter Include="InteractiveLoadingScreen\Character">
      <UniqueIdentifier>{4fb26a94-f600-45f4-bbeb-e7d80ef393a5}</UniqueIdentifier>
    </Filter>
    <Filter Include="InteractiveLoadingScreen\IsometricObjects">
      <UniqueIdentifier>{2490f919-26c0-484c-935d-e3914670c0df}</UniqueIdentifier>
    </Filter>
    <Filter Include="InteractiveLoadingScreen\UI">
      <UniqueIdentifier>{db799f79-6ddf-40ef-a02f-7bfad0e24e82}</UniqueIdentifier>
    </Filter>
    <Filter Include="InteractiveLoadingScreen\Audio">
      <UniqueIdentifier>{8f01cf31-a3a8-4651-9890-1cb025741fe2}</UniqueIdentifier>
    </Filter>
    <Filter Include="InteractiveLoadingScreen\CombatLoop">
      <UniqueIdentifier>{c8829550-cd9e-4bc4-8284-1d35e88456ac}</UniqueIdentifier>
    </Filter>
  </ItemGroup>
  <ItemGroup>
    <ClCompile Include="MainLoop.cpp">
      <Filter>Engine</Filter>
    </ClCompile>
    <ClCompile Include="main.cpp">
      <Filter>Engine</Filter>
    </ClCompile>
    <ClCompile Include="AObject.cpp">
      <Filter>Engine\Object</Filter>
    </ClCompile>
    <ClCompile Include="ObjectManager.cpp">
      <Filter>Engine\Object</Filter>
    </ClCompile>
    <ClCompile Include="TextureManager.cpp">
      <Filter>Engine\Texture</Filter>
    </ClCompile>
    <ClCompile Include="BGObject.cpp">
      <Filter>Engine\Object</Filter>
    </ClCompile>
    <ClCompile Include="IconObject.cpp">
      <Filter>Engine\Object</Filter>
    </ClCompile>
    <ClCompile Include="MathUtils.cpp">
      <Filter>Engine\Utilities</Filter>
    </ClCompile>
    <ClCompile Include="StringUtils.cpp">
      <Filter>Engine\Utilities</Filter>
    </ClCompile>
    <ClCompile Include="FPSCounter.cpp">
      <Filter>Engine\Utilities</Filter>
    </ClCompile>
    <ClCompile Include="TextureDisplay.cpp">
      <Filter>Engine\Texture</Filter>
    </ClCompile>
    <ClCompile Include="IETThread.cpp">
      <Filter>Engine\Pooling\Threading</Filter>
    </ClCompile>
    <ClCompile Include="StreamAssetLoader.cpp">
      <Filter>Engine\Pooling\Threading</Filter>
    </ClCompile>
    <ClCompile Include="ThreadPool.cpp">
      <Filter>Engine\Pooling</Filter>
    </ClCompile>
    <ClCompile Include="PoolWorkerThread.cpp">
      <Filter>Engine\Pooling</Filter>
    </ClCompile>
    <ClCompile Include="IWorkerAction.cpp">
      <Filter>Engine\Pooling</Filter>
    </ClCompile>
    <ClCompile Include="IsometricMapNode.cpp">
      <Filter>InteractiveLoadingScreen\IsometricMap</Filter>
    </ClCompile>
    <ClCompile Include="IsometricMap.cpp">
      <Filter>InteractiveLoadingScreen\IsometricMap</Filter>
    </ClCompile>
    <ClCompile Include="ACharacter.cpp">
      <Filter>InteractiveLoadingScreen\Character</Filter>
    </ClCompile>
    <ClCompile Include="Estelle.cpp">
      <Filter>InteractiveLoadingScreen\Character</Filter>
    </ClCompile>
    <ClCompile Include="Tile.cpp">
      <Filter>InteractiveLoadingScreen\IsometricObjects</Filter>
    </ClCompile>
    <ClCompile Include="AIsometricObject.cpp">
      <Filter>InteractiveLoadingScreen\IsometricObjects</Filter>
    </ClCompile>
    <ClCompile Include="IsometricMapSprite.cpp">
      <Filter>InteractiveLoadingScreen</Filter>
    </ClCompile>
    <ClCompile Include="Joshua.cpp">
      <Filter>InteractiveLoadingScreen\Character</Filter>
    </ClCompile>
    <ClCompile Include="StatusBar.cpp">
      <Filter>InteractiveLoadingScreen\UI</Filter>
    </ClCompile>
    <ClCompile Include="UIDisplay.cpp">
      <Filter>InteractiveLoadingScreen\UI</Filter>
    </ClCompile>
    <ClCompile Include="ProgressBar.cpp">
      <Filter>InteractiveLoadingScreen\UI</Filter>
    </ClCompile>
    <ClCompile Include="AudioManager.cpp">
      <Filter>InteractiveLoadingScreen\Audio</Filter>
    </ClCompile>
    <ClCompile Include="Enemy.cpp">
      <Filter>InteractiveLoadingScreen\Character</Filter>
    </ClCompile>
    <ClCompile Include="CombatLoop.cpp">
      <Filter>InteractiveLoadingScreen\CombatLoop</Filter>
    </ClCompile>
  </ItemGroup>
  <ItemGroup>
    <ClInclude Include="MainLoop.h">
      <Filter>Engine</Filter>
    </ClInclude>
    <ClInclude Include="AObject.h">
      <Filter>Engine\Object</Filter>
    </ClInclude>
    <ClInclude Include="ObjectManager.h">
      <Filter>Engine\Object</Filter>
    </ClInclude>
    <ClInclude Include="TextureManager.h">
      <Filter>Engine\Texture</Filter>
    </ClInclude>
    <ClInclude Include="BGObject.h">
      <Filter>Engine\Object</Filter>
    </ClInclude>
    <ClInclude Include="IconObject.h">
      <Filter>Engine\Object</Filter>
    </ClInclude>
    <ClInclude Include="MathUtils.h">
      <Filter>Engine\Utilities</Filter>
    </ClInclude>
    <ClInclude Include="StringUtils.h">
      <Filter>Engine\Utilities</Filter>
    </ClInclude>
    <ClInclude Include="FPSCounter.h">
      <Filter>Engine\Utilities</Filter>
    </ClInclude>
    <ClInclude Include="TextureDisplay.h">
      <Filter>Engine\Texture</Filter>
    </ClInclude>
    <ClInclude Include="IETThread.h">
      <Filter>Engine\Pooling\Threading</Filter>
    </ClInclude>
    <ClInclude Include="StreamAssetLoader.h">
      <Filter>Engine\Pooling\Threading</Filter>
    </ClInclude>
    <ClInclude Include="IExecutionEvent.h">
      <Filter>Engine\Pooling\Threading</Filter>
    </ClInclude>
    <ClInclude Include="ThreadPool.h">
      <Filter>Engine\Pooling</Filter>
    </ClInclude>
    <ClInclude Include="PoolWorkerThread.h">
      <Filter>Engine\Pooling</Filter>
    </ClInclude>
    <ClInclude Include="IWorkerAction.h">
      <Filter>Engine\Pooling</Filter>
    </ClInclude>
    <ClInclude Include="IsometricMapNode.h">
      <Filter>InteractiveLoadingScreen\IsometricMap</Filter>
    </ClInclude>
    <ClInclude Include="IsometricMap.h">
      <Filter>InteractiveLoadingScreen\IsometricMap</Filter>
    </ClInclude>
    <ClInclude Include="ACharacter.h">
      <Filter>InteractiveLoadingScreen\Character</Filter>
    </ClInclude>
    <ClInclude Include="Estelle.h">
      <Filter>InteractiveLoadingScreen\Character</Filter>
    </ClInclude>
    <ClInclude Include="Tile.h">
      <Filter>InteractiveLoadingScreen\IsometricObjects</Filter>
    </ClInclude>
    <ClInclude Include="AIsometricObject.h">
      <Filter>InteractiveLoadingScreen\IsometricObjects</Filter>
    </ClInclude>
    <ClInclude Include="IsometricMapSprite.h">
      <Filter>InteractiveLoadingScreen</Filter>
    </ClInclude>
    <ClInclude Include="Joshua.h">
      <Filter>InteractiveLoadingScreen\Character</Filter>
    </ClInclude>
    <ClInclude Include="StatusBar.h">
      <Filter>InteractiveLoadingScreen\UI</Filter>
    </ClInclude>
    <ClInclude Include="UIDisplay.h">
      <Filter>InteractiveLoadingScreen\UI</Filter>
    </ClInclude>
    <ClInclude Include="ProgressBar.h">
      <Filter>InteractiveLoadingScreen\UI</Filter>
    </ClInclude>
    <ClInclude Include="AudioManager.h">
      <Filter>InteractiveLoadingScreen\Audio</Filter>
    </ClInclude>
    <ClInclude Include="Enemy.h">
      <Filter>InteractiveLoadingScreen\Character</Filter>
    </ClInclude>
    <ClInclude Include="CombatLoop.h">
      <Filter>InteractiveLoadingScreen\CombatLoop</Filter>
    </ClInclude>
  </ItemGroup>
</Project>